
Microsoft Visual Studio Solution File, Format Version 12.00
# Visual Studio Version 16
VisualStudioVersion = 16.0.31205.134
MinimumVisualStudioVersion = 10.0.40219.1
Project("{9A19103F-16F7-4668-BE54-9A1E7A4F7556}") = "DBTT", "DBTT.csproj", "{63971A01-7940-448D-BEAC-78718F3ECE15}"
EndProject
Global
	GlobalSection(SolutionConfigurationPlatforms) = preSolution
		Debug|Any CPU = Debug|Any CPU
		Release|Any CPU = Release|Any CPU
	EndGlobalSection
	GlobalSection(ProjectConfigurationPlatforms) = postSolution
		{63971A01-7940-448D-BEAC-78718F3ECE15}.Debug|Any CPU.ActiveCfg = Debug|Any CPU
		{63971A01-7940-448D-BEAC-78718F3ECE15}.Debug|Any CPU.Build.0 = Debug|Any CPU
		{63971A01-7940-448D-BEAC-78718F3ECE15}.Release|Any CPU.ActiveCfg = Release|Any CPU
		{63971A01-7940-448D-BEAC-78718F3ECE15}.Release|Any CPU.Build.0 = Release|Any CPU
	EndGlobalSection
	GlobalSection(SolutionProperties) = preSolution
		HideSolutionNode = FALSE
	EndGlobalSection
	GlobalSection(ExtensibilityGlobals) = postSolution
		SolutionGuid = {1C42947B-7A4E-4B52-AB9D-5B7CC280744E}
	EndGlobalSection
EndGlobal
